{
  "name": "kessel",
  "lockfileVersion": 3,
  "requires": true,
  "packages": {
    "": {
      "dependencies": {
        "oxc-parser": "^0.129.0"
      }
    },
    "node_modules/@emnapi/core": {
      "version": "1.10.0",
      "resolved": "https://registry.npmjs.org/@emnapi/core/-/core-1.10.0.tgz",
      "integrity": "sha512-yq6OkJ4p82CAfPl0u9mQebQHKPJkY7WrIuk205cTYnYe+k2Z8YBh11FrbRG/H6ihirqcacOgl2BIO8oyMQLeXw==",
      "license": "MIT",
      "optional": true,
      "dependencies": {
        "@emnapi/wasi-threads": "1.2.1",
        "tslib": "^2.4.0"
      }
    },
    "node_modules/@emnapi/runtime": {
      "version": "1.10.0",
      "resolved": "https://registry.npmjs.org/@emnapi/runtime/-/runtime-1.10.0.tgz",
      "integrity": "sha512-ewvYlk86xUoGI0zQRNq/mC+16R1QeDlKQy21Ki3oSYXNgLb45GV1P6A0M+/s6nyCuNDqe5VpaY84BzXGwVbwFA==",
      "license": "MIT",
      "optional": true,
      "dependencies": {
        "tslib": "^2.4.0"
      }
    },
    "node_modules/@emnapi/wasi-threads": {
      "version": "1.2.1",
      "resolved": "https://registry.npmjs.org/@emnapi/wasi-threads/-/wasi-threads-1.2.1.tgz",
      "integrity": "sha512-uTII7OYF+/Mes/MrcIOYp5yOtSMLBWSIoLPpcgwipoiKbli6k322tcoFsxoIIxPDqW01SQGAgko4EzZi2BNv2w==",
      "license": "MIT",
      "optional": true,
      "dependencies": {
        "tslib": "^2.4.0"
      }
    },
    "node_modules/@napi-rs/wasm-runtime": {
      "version": "1.1.4",
      "resolved": "https://registry.npmjs.org/@napi-rs/wasm-runtime/-/wasm-runtime-1.1.4.tgz",
      "integrity": "sha512-3NQNNgA1YSlJb/kMH1ildASP9HW7/7kYnRI2szWJaofaS1hWmbGI4H+d3+22aGzXXN9IJ+n+GiFVcGipJP18ow==",
      "license": "MIT",
      "optional": true,
      "dependencies": {
        "@tybys/wasm-util": "^0.10.1"
      },
      "funding": {
        "type": "github",
        "url": "https://github.com/sponsors/Brooooooklyn"
      },
      "peerDependencies": {
        "@emnapi/core": "^1.7.1",
        "@emnapi/runtime": "^1.7.1"
      }
    },
    "node_modules/@oxc-parser/binding-android-arm-eabi": {
      "version": "0.129.0",
      "resolved": "https://registry.npmjs.org/@oxc-parser/binding-android-arm-eabi/-/binding-android-arm-eabi-0.129.0.tgz",
      "integrity": "sha512-sG37CfXLlYXdDrggAFO/mKcO4w36piwf862xAZXIuf3nzKhWK1FvW4dqie+06++z+mDto2QeOQSvhyzBeK5jsQ==",
      "cpu": [
        "arm"
      ],
      "license": "MIT",
      "optional": true,
      "os": [
        "android"
      ],
      "engines": {
        "node": "^20.19.0 || >=22.12.0"
      }
    },
    "node_modules/@oxc-parser/binding-android-arm64": {
      "version": "0.129.0",
      "resolved": "https://registry.npmjs.org/@oxc-parser/binding-android-arm64/-/binding-android-arm64-0.129.0.tgz",
      "integrity": "sha512-DVyLFN2+S0VOhT6lm5++tFqlu3x2Njiby6y5DhTzjV5uRsZWpifsBn6+yjtwAxl105peEjs5BHE3ToBJuQjLTg==",
      "cpu": [
        "arm64"
      ],
      "license": "MIT",
      "optional": true,
      "os": [
        "android"
      ],
      "engines": {
        "node": "^20.19.0 || >=22.12.0"
      }
    },
    "node_modules/@oxc-parser/binding-darwin-arm64": {
      "version": "0.129.0",
      "resolved": "https://registry.npmjs.org/@oxc-parser/binding-darwin-arm64/-/binding-darwin-arm64-0.129.0.tgz",
      "integrity": "sha512-QeqThtB8qax4IL+NFBWgshudyKkj5c076L8vyd8PCEx7U1wHyIbH49MEQ5J5iURFhUW5jiFmdnLKEwyOo0GAJA==",
      "cpu": [
        "arm64"
      ],
      "license": "MIT",
      "optional": true,
      "os": [
        "darwin"
      ],
      "engines": {
        "node": "^20.19.0 || >=22.12.0"
      }
    },
    "node_modules/@oxc-parser/binding-darwin-x64": {
      "version": "0.129.0",
      "resolved": "https://registry.npmjs.org/@oxc-parser/binding-darwin-x64/-/binding-darwin-x64-0.129.0.tgz",
      "integrity": "sha512-zn5+7nv4DlK4uFgblmhKm6xRV0QUHXOHyIDkjmhxJ53xSA9ahkb3pHNiHesNPXn/nK/VWU+C+Z6JYHdatZBh7g==",
      "cpu": [
        "x64"
      ],
      "license": "MIT",
      "optional": true,
      "os": [
        "darwin"
      ],
      "engines": {
        "node": "^20.19.0 || >=22.12.0"
      }
    },
    "node_modules/@oxc-parser/binding-freebsd-x64": {
      "version": "0.129.0",
      "resolved": "https://registry.npmjs.org/@oxc-parser/binding-freebsd-x64/-/binding-freebsd-x64-0.129.0.tgz",
      "integrity": "sha512-SPTcDBiHWlgRpWFC1jnoi0sBWqCw4DFR+4b8+dV+NAhUu2ONERWyIVIOCfcE9a8BlvZsDCuXf3l/x7wQUs1Rsw==",
      "cpu": [
        "x64"
      ],
      "license": "MIT",
      "optional": true,
      "os": [
        "freebsd"
      ],
      "engines": {
        "node": "^20.19.0 || >=22.12.0"
      }
    },
    "node_modules/@oxc-parser/binding-linux-arm-gnueabihf": {
      "version": "0.129.0",
      "resolved": "https://registry.npmjs.org/@oxc-parser/binding-linux-arm-gnueabihf/-/binding-linux-arm-gnueabihf-0.129.0.tgz",
      "integrity": "sha512-Rgc9+WNKLbc+chyDTXyyJ7gbgLo+ve27CrRnmIwGgucGflrBZbutge5jdPPegcgf46RrR4dkBbMCp0/x16mdig==",
      "cpu": [
        "arm"
      ],
      "license": "MIT",
      "optional": true,
      "os": [
        "linux"
      ],
      "engines": {
        "node": "^20.19.0 || >=22.12.0"
      }
    },
    "node_modules/@oxc-parser/binding-linux-arm-musleabihf": {
      "version": "0.129.0",
      "resolved": "https://registry.npmjs.org/@oxc-parser/binding-linux-arm-musleabihf/-/binding-linux-arm-musleabihf-0.129.0.tgz",
      "integrity": "sha512-YtSsJ51VysXqlO8Cs2mWTyXvxBRemTHj4WDQjXwKl0SAxh+CVrEdXrdH+RnjxLj3JCUMFeYuHs5c+/DImfbKkg==",
      "cpu": [
        "arm"
      ],
      "license": "MIT",
      "optional": true,
      "os": [
        "linux"
      ],
      "engines": {
        "node": "^20.19.0 || >=22.12.0"
      }
    },
    "node_modules/@oxc-parser/binding-linux-arm64-gnu": {
      "version": "0.129.0",
      "resolved": "https://registry.npmjs.org/@oxc-parser/binding-linux-arm64-gnu/-/binding-linux-arm64-gnu-0.129.0.tgz",
      "integrity": "sha512-9oK8iQr9KtgI5JhaJ+5IwiQsXEo6NuasFgovtJGrdK/RxbA0bO4YKRvVY7M+8lozUCVz1U7XrFFODv3emIOPRA==",
      "cpu": [
        "arm64"
      ],
      "libc": [
        "glibc"
      ],
      "license": "MIT",
      "optional": true,
      "os": [
        "linux"
      ],
      "engines": {
        "node": "^20.19.0 || >=22.12.0"
      }
    },
    "node_modules/@oxc-parser/binding-linux-arm64-musl": {
      "version": "0.129.0",
      "resolved": "https://registry.npmjs.org/@oxc-parser/binding-linux-arm64-musl/-/binding-linux-arm64-musl-0.129.0.tgz",
      "integrity": "sha512-GghE/bf9ZqgqZFxLacgP0ImVD6UiLKQOpvpgUoIsqjopu2ms/+p1L0d0Dv2Sck+8p0FbKS2WE3IjqmIlLbxJgA==",
      "cpu": [
        "arm64"
      ],
      "libc": [
        "musl"
      ],
      "license": "MIT",
      "optional": true,
      "os": [
        "linux"
      ],
      "engines": {
        "node": "^20.19.0 || >=22.12.0"
      }
    },
    "node_modules/@oxc-parser/binding-linux-ppc64-gnu": {
      "version": "0.129.0",
      "resolved": "https://registry.npmjs.org/@oxc-parser/binding-linux-ppc64-gnu/-/binding-linux-ppc64-gnu-0.129.0.tgz",
      "integrity": "sha512-A2PW0UbERzKGV6fKX1zoe2Tkc1zVcEJSSPW9IUSKbZAPuPe+M5/5hTA+6fQbWmevabe2B3IDky66a1lFGjpBKA==",
      "cpu": [
        "ppc64"
      ],
      "libc": [
        "glibc"
      ],
      "license": "MIT",
      "optional": true,
      "os": [
        "linux"
      ],
      "engines": {
        "node": "^20.19.0 || >=22.12.0"
      }
    },
    "node_modules/@oxc-parser/binding-linux-riscv64-gnu": {
      "version": "0.129.0",
      "resolved": "https://registry.npmjs.org/@oxc-parser/binding-linux-riscv64-gnu/-/binding-linux-riscv64-gnu-0.129.0.tgz",
      "integrity": "sha512-omwxd9H+jrl1T72RI666k4ho7Eli2iHdELzf+dL0D+uXThNZXYJCbKjm5rK2hrHmDy4O+NWv7+khBrEkorLsgw==",
      "cpu": [
        "riscv64"
      ],
      "libc": [
        "glibc"
      ],
      "license": "MIT",
      "optional": true,
      "os": [
        "linux"
      ],
      "engines": {
        "node": "^20.19.0 || >=22.12.0"
      }
    },
    "node_modules/@oxc-parser/binding-linux-riscv64-musl": {
      "version": "0.129.0",
      "resolved": "https://registry.npmjs.org/@oxc-parser/binding-linux-riscv64-musl/-/binding-linux-riscv64-musl-0.129.0.tgz",
      "integrity": "sha512-v2hi8id+M8C0uY8uuG2t2a5vr8H9XyHXiHL12yMdMNtgn04nnM/8hlOGuoJuxVc07PhClNiaoSaY2eXehSRa7w==",
      "cpu": [
        "riscv64"
      ],
      "libc": [
        "musl"
      ],
      "license": "MIT",
      "optional": true,
      "os": [
        "linux"
      ],
      "engines": {
        "node": "^20.19.0 || >=22.12.0"
      }
    },
    "node_modules/@oxc-parser/binding-linux-s390x-gnu": {
      "version": "0.129.0",
      "resolved": "https://registry.npmjs.org/@oxc-parser/binding-linux-s390x-gnu/-/binding-linux-s390x-gnu-0.129.0.tgz",
      "integrity": "sha512-UXrdDyLh1Obgj5X+IVVXWoo5/FJbFsU8/uLQ/M9lkVUwBUKpRFxNEhzwBNv21qqdKgAh+pr2CCVD8J1JfRPsIQ==",
      "cpu": [
        "s390x"
      ],
      "libc": [
        "glibc"
      ],
      "license": "MIT",
      "optional": true,
      "os": [
        "linux"
      ],
      "engines": {
        "node": "^20.19.0 || >=22.12.0"
      }
    },
    "node_modules/@oxc-parser/binding-linux-x64-gnu": {
      "version": "0.129.0",
      "resolved": "https://registry.npmjs.org/@oxc-parser/binding-linux-x64-gnu/-/binding-linux-x64-gnu-0.129.0.tgz",
      "integrity": "sha512-hsL/3/kdX9FGLqOj8DR3Eki4Y6zO1i3+ZHhiPwX0hDt4n+18abkfUzePCv3h8SShprwCmwdxPnlrebZ5+MZ+cw==",
      "cpu": [
        "x64"
      ],
      "libc": [
        "glibc"
      ],
      "license": "MIT",
      "optional": true,
      "os": [
        "linux"
      ],
      "engines": {
        "node": "^20.19.0 || >=22.12.0"
      }
    },
    "node_modules/@oxc-parser/binding-linux-x64-musl": {
      "version": "0.129.0",
      "resolved": "https://registry.npmjs.org/@oxc-parser/binding-linux-x64-musl/-/binding-linux-x64-musl-0.129.0.tgz",
      "integrity": "sha512-kdXvJ4crOeRld3vWl0J0VU4nmnT4pZ3lKGA5tZ1y0UPWsBtElDYd+jsz4lE36tpAbCiWm0M0PG0laUNBSE+Wlw==",
      "cpu": [
        "x64"
      ],
      "libc": [
        "musl"
      ],
      "license": "MIT",
      "optional": true,
      "os": [
        "linux"
      ],
      "engines": {
        "node": "^20.19.0 || >=22.12.0"
      }
    },
    "node_modules/@oxc-parser/binding-openharmony-arm64": {
      "version": "0.129.0",
      "resolved": "https://registry.npmjs.org/@oxc-parser/binding-openharmony-arm64/-/binding-openharmony-arm64-0.129.0.tgz",
      "integrity": "sha512-DusJfcK7EGwf9TEakB+z6SXCLdHGvDZ8U8882bzWb4oVrORHpbkFl9npS7cN3YC2axcVKoktbxZevS1nxVCKFw==",
      "cpu": [
        "arm64"
      ],
      "license": "MIT",
      "optional": true,
      "os": [
        "openharmony"
      ],
      "engines": {
        "node": "^20.19.0 || >=22.12.0"
      }
    },
    "node_modules/@oxc-parser/binding-wasm32-wasi": {
      "version": "0.129.0",
      "resolved": "https://registry.npmjs.org/@oxc-parser/binding-wasm32-wasi/-/binding-wasm32-wasi-0.129.0.tgz",
      "integrity": "sha512-Iie9CcII+ELSinKFnxTR15xhI9qriVivEhbFh3driRNbzms/5ioDAU0fwe8Mf1FEaz3n2FtiUVX0h0nwKLYk0A==",
      "cpu": [
        "wasm32"
      ],
      "license": "MIT",
      "optional": true,
      "dependencies": {
        "@emnapi/core": "1.10.0",
        "@emnapi/runtime": "1.10.0",
        "@napi-rs/wasm-runtime": "^1.1.4"
      },
      "engines": {
        "node": "^20.19.0 || >=22.12.0"
      }
    },
    "node_modules/@oxc-parser/binding-win32-arm64-msvc": {
      "version": "0.129.0",
      "resolved": "https://registry.npmjs.org/@oxc-parser/binding-win32-arm64-msvc/-/binding-win32-arm64-msvc-0.129.0.tgz",
      "integrity": "sha512-99kH1udLyrts+wGm+u0VhPbogkb2wxc/6J1XMKOpS6Kx5DjBWGRZZfBjfCGI3xKSInpYbZn4TLWLX1Q1GURYwg==",
      "cpu": [
        "arm64"
      ],
      "license": "MIT",
      "optional": true,
      "os": [
        "win32"
      ],
      "engines": {
        "node": "^20.19.0 || >=22.12.0"
      }
    },
    "node_modules/@oxc-parser/binding-win32-ia32-msvc": {
      "version": "0.129.0",
      "resolved": "https://registry.npmjs.org/@oxc-parser/binding-win32-ia32-msvc/-/binding-win32-ia32-msvc-0.129.0.tgz",
      "integrity": "sha512-tmSBR1A4yH697qV291xKyDe4OAWFchJ+cXf2wuipx/vK3n5d5Ej9MVLRtXlIcZ38n8qAjsF0/AnskaYgxM151A==",
      "cpu": [
        "ia32"
      ],
      "license": "MIT",
      "optional": true,
      "os": [
        "win32"
      ],
      "engines": {
        "node": "^20.19.0 || >=22.12.0"
      }
    },
    "node_modules/@oxc-parser/binding-win32-x64-msvc": {
      "version": "0.129.0",
      "resolved": "https://registry.npmjs.org/@oxc-parser/binding-win32-x64-msvc/-/binding-win32-x64-msvc-0.129.0.tgz",
      "integrity": "sha512-Z1PbJvkPeLASIUxa3AnrQ5H+vv1K9zC0IGnQqoKfM0ZvsvCSe0d3u5m7d9iuy+HB7GrcElHuwKb0d0qFdtG0iA==",
      "cpu": [
        "x64"
      ],
      "license": "MIT",
      "optional": true,
      "os": [
        "win32"
      ],
      "engines": {
        "node": "^20.19.0 || >=22.12.0"
      }
    },
    "node_modules/@oxc-project/types": {
      "version": "0.129.0",
      "resolved": "https://registry.npmjs.org/@oxc-project/types/-/types-0.129.0.tgz",
      "integrity": "sha512-3oz8m3FGdr2nDXVqmFUw7jolKliC4MoyXYIG2c7gpjBnzUWQpUGIYcXYKxTdTi+N2jusvt610ckTMkxdwHkYEg==",
      "license": "MIT",
      "funding": {
        "url": "https://github.com/sponsors/Boshen"
      }
    },
    "node_modules/@tybys/wasm-util": {
      "version": "0.10.2",
      "resolved": "https://registry.npmjs.org/@tybys/wasm-util/-/wasm-util-0.10.2.tgz",
      "integrity": "sha512-RoBvJ2X0wuKlWFIjrwffGw1IqZHKQqzIchKaadZZfnNpsAYp2mM0h36JtPCjNDAHGgYez/15uMBpfGwchhiMgg==",
      "license": "MIT",
      "optional": true,
      "dependencies": {
        "tslib": "^2.4.0"
      }
    },
    "node_modules/oxc-parser": {
      "version": "0.129.0",
      "resolved": "https://registry.npmjs.org/oxc-parser/-/oxc-parser-0.129.0.tgz",
      "integrity": "sha512-S6eFI+VLkpyA+/Lf8z6qURjDV6Mgo74SLNznNopHTlQW3hedv2MB/z31kBRuBCCTqZN9HHdva0ojljEhPnBKFA==",
      "license": "MIT",
      "dependencies": {
        "@oxc-project/types": "^0.129.0"
      },
      "engines": {
        "node": "^20.19.0 || >=22.12.0"
      },
      "funding": {
        "url": "https://github.com/sponsors/Boshen"
      },
      "optionalDependencies": {
        "@oxc-parser/binding-android-arm-eabi": "0.129.0",
        "@oxc-parser/binding-android-arm64": "0.129.0",
        "@oxc-parser/binding-darwin-arm64": "0.129.0",
        "@oxc-parser/binding-darwin-x64": "0.129.0",
        "@oxc-parser/binding-freebsd-x64": "0.129.0",
        "@oxc-parser/binding-linux-arm-gnueabihf": "0.129.0",
        "@oxc-parser/binding-linux-arm-musleabihf": "0.129.0",
        "@oxc-parser/binding-linux-arm64-gnu": "0.129.0",
        "@oxc-parser/binding-linux-arm64-musl": "0.129.0",
        "@oxc-parser/binding-linux-ppc64-gnu": "0.129.0",
        "@oxc-parser/binding-linux-riscv64-gnu": "0.129.0",
        "@oxc-parser/binding-linux-riscv64-musl": "0.129.0",
        "@oxc-parser/binding-linux-s390x-gnu": "0.129.0",
        "@oxc-parser/binding-linux-x64-gnu": "0.129.0",
        "@oxc-parser/binding-linux-x64-musl": "0.129.0",
        "@oxc-parser/binding-openharmony-arm64": "0.129.0",
        "@oxc-parser/binding-wasm32-wasi": "0.129.0",
        "@oxc-parser/binding-win32-arm64-msvc": "0.129.0",
        "@oxc-parser/binding-win32-ia32-msvc": "0.129.0",
        "@oxc-parser/binding-win32-x64-msvc": "0.129.0"
      }
    },
    "node_modules/tslib": {
      "version": "2.8.1",
      "resolved": "https://registry.npmjs.org/tslib/-/tslib-2.8.1.tgz",
      "integrity": "sha512-oJFu94HQb+KVduSUQL7wnpmqnfmLsOA/nAh6b6EH0wCEoK0/mPeXU6c3wKDV83MkOuHPRHtSXKKU99IBazS/2w==",
      "license": "0BSD",
      "optional": true
    }
  }
}
